
Microsoft Visual Studio Solution File, Format Version 12.00
# Visual Studio Version 16
VisualStudioVersion = 16.0.30128.74
MinimumVisualStudioVersion = 10.0.40219.1
Project("{FAE04EC0-301F-11D3-BF4B-00C04F79EFBC}") = "generalizer", "generalizer.csproj", "{8B05A88E-0369-4CC5-B720-9C8DB7B72082}"
EndProject
Global
	GlobalSection(SolutionConfigurationPlatforms) = preSolution
		Debug|Any CPU = Debug|Any CPU
		Release|Any CPU = Release|Any CPU
	EndGlobalSection
	GlobalSection(ProjectConfigurationPlatforms) = postSolution
		{8B05A88E-0369-4CC5-B720-9C8DB7B72082}.Debug|Any CPU.ActiveCfg = Debug|Any CPU
		{8B05A88E-0369-4CC5-B720-9C8DB7B72082}.Debug|Any CPU.Build.0 = Debug|Any CPU
		{8B05A88E-0369-4CC5-B720-9C8DB7B72082}.Release|Any CPU.ActiveCfg = Release|Any CPU
		{8B05A88E-0369-4CC5-B720-9C8DB7B72082}.Release|Any CPU.Build.0 = Release|Any CPU
	EndGlobalSection
	GlobalSection(SolutionProperties) = preSolution
		HideSolutionNode = FALSE
	EndGlobalSection
	GlobalSection(ExtensibilityGlobals) = postSolution
		SolutionGuid = {6B4D04F7-B759-417D-81AC-089B26CD7F0B}
	EndGlobalSection
EndGlobal
